# This file is autogenerated, do not edit; changes may be undone by the next 'dep ensure'.


[[projects]]
  name = "github.com/golang/mock"
  packages = [
    "mockgen",
    "mockgen/model"
  ]
  revision = "c34cdb4725f4c3844d095133c6e40e448b86589b"
  version = "v1.1.1"

[[projects]]
  branch = "master"
  name = "github.com/s12chung/gostatic"
  packages = [
    "go/app",
    "go/cli",
    "go/lib/html",
    "go/lib/pool",
    "go/lib/router",
    "go/lib/utils",
    "go/lib/webpack"
  ]
  revision = "16cfc4fc2b001ee55267a1322adfcd13de57f69e"

[[projects]]
  name = "github.com/sirupsen/logrus"
  packages = ["."]
  revision = "3e01752db0189b9157070a0e1668a620f9a85da2"
  version = "v1.0.6"

[[projects]]
  branch = "master"
  name = "golang.org/x/crypto"
  packages = ["ssh/terminal"]
  revision = "614d502a4dac94afa3a6ce146bd1736da82514c6"

[[projects]]
  branch = "master"
  name = "golang.org/x/sys"
  packages = [
    "unix",
    "windows"
  ]
  revision = "4910a1d54f876d7b22162a85f4d066d3ee649450"

[solve-meta]
  analyzer-name = "dep"
  analyzer-version = 1
  inputs-digest = "c523dc8933c0b55608270e91ed509343f9c36afbd0fb1344df6311ef278aeae5"
  solver-name = "gps-cdcl"
  solver-version = 1
